
Microsoft Visual Studio Solution File, Format Version 12.00
# Visual Studio Version 17
VisualStudioVersion = 17.11.35312.102
MinimumVisualStudioVersion = 10.0.40219.1
Project("{FAE04EC0-301F-11D3-BF4B-00C04F79EFBC}") = "TraversalCoreProje", "TraversalCoreProje\TraversalCoreProje.csproj", "{6A334585-0A8E-471F-9EB2-FEA983B0474B}"
EndProject
Project("{FAE04EC0-301F-11D3-BF4B-00C04F79EFBC}") = "EntityLayer", "EntityLayer\EntityLayer.csproj", "{CD70BD6C-1A3E-47AE-88FB-20459887546C}"
EndProject
Project("{FAE04EC0-301F-11D3-BF4B-00C04F79EFBC}") = "DataAccessLayer", "DataAccessLayer\DataAccessLayer.csproj", "{BA0B8107-E619-4067-BBF9-3ACFBF2462DB}"
EndProject
Project("{FAE04EC0-301F-11D3-BF4B-00C04F79EFBC}") = "BusinessLayer", "BusinessLayer\BusinessLayer.csproj", "{DD27D7B5-FF2D-4CAF-9F43-73B39B8DC904}"
EndProject
Global
	GlobalSection(SolutionConfigurationPlatforms) = preSolution
		Debug|Any CPU = Debug|Any CPU
		Release|Any CPU = Release|Any CPU
	EndGlobalSection
	GlobalSection(ProjectConfigurationPlatforms) = postSolution
		{6A334585-0A8E-471F-9EB2-FEA983B0474B}.Debug|Any CPU.ActiveCfg = Debug|Any CPU
		{6A334585-0A8E-471F-9EB2-FEA983B0474B}.Debug|Any CPU.Build.0 = Debug|Any CPU
		{6A334585-0A8E-471F-9EB2-FEA983B0474B}.Release|Any CPU.ActiveCfg = Release|Any CPU
		{6A334585-0A8E-471F-9EB2-FEA983B0474B}.Release|Any CPU.Build.0 = Release|Any CPU
		{CD70BD6C-1A3E-47AE-88FB-20459887546C}.Debug|Any CPU.ActiveCfg = Debug|Any CPU
		{CD70BD6C-1A3E-47AE-88FB-20459887546C}.Debug|Any CPU.Build.0 = Debug|Any CPU
		{CD70BD6C-1A3E-47AE-88FB-20459887546C}.Release|Any CPU.ActiveCfg = Release|Any CPU
		{CD70BD6C-1A3E-47AE-88FB-20459887546C}.Release|Any CPU.Build.0 = Release|Any CPU
		{BA0B8107-E619-4067-BBF9-3ACFBF2462DB}.Debug|Any CPU.ActiveCfg = Debug|Any CPU
		{BA0B8107-E619-4067-BBF9-3ACFBF2462DB}.Debug|Any CPU.Build.0 = Debug|Any CPU
		{BA0B8107-E619-4067-BBF9-3ACFBF2462DB}.Release|Any CPU.ActiveCfg = Release|Any CPU
		{BA0B8107-E619-4067-BBF9-3ACFBF2462DB}.Release|Any CPU.Build.0 = Release|Any CPU
		{DD27D7B5-FF2D-4CAF-9F43-73B39B8DC904}.Debug|Any CPU.ActiveCfg = Debug|Any CPU
		{DD27D7B5-FF2D-4CAF-9F43-73B39B8DC904}.Debug|Any CPU.Build.0 = Debug|Any CPU
		{DD27D7B5-FF2D-4CAF-9F43-73B39B8DC904}.Release|Any CPU.ActiveCfg = Release|Any CPU
		{DD27D7B5-FF2D-4CAF-9F43-73B39B8DC904}.Release|Any CPU.Build.0 = Release|Any CPU
	EndGlobalSection
	GlobalSection(SolutionProperties) = preSolution
		HideSolutionNode = FALSE
	EndGlobalSection
	GlobalSection(ExtensibilityGlobals) = postSolution
		SolutionGuid = {FA01E320-726C-4364-8CEB-0FE03926D438}
	EndGlobalSection
EndGlobal
